%{
  "base64url": {:hex, :base64url, "0.0.1", "36a90125f5948e3afd7be97662a1504b934dd5dac78451ca6e9abf85a10286be", [:rebar], [], "hexpm"},
  "bunt": {:hex, :bunt, "0.2.0", "951c6e801e8b1d2cbe58ebbd3e616a869061ddadcc4863d0a2182541acae9a38", [:mix], [], "hexpm"},
  "cbor": {:git, "https://github.com/timofey-barmin/cbor-erlang.git", "cc1673f1e9038267a564504690dc79ead77dd067", []},
  "cbor_ex": {:git, "https://github.com/sandergroen/cbor_ex.git", "55d2f71aca0303adda15025dfe2122e39a588fa5", []},
  "cose": {:git, "https://github.com/ritou/elixir-cose.git", "e1472674ee83abc8954bf83438ce2ca8a58d8854", []},
  "credo": {:hex, :credo, "1.0.0", "aaa40fdd0543a0cf8080e8c5949d8c25f0a24e4fc8c1d83d06c388f5e5e0ea42", [:mix], [{:bunt, "~> 0.2.0", [hex: :bunt, repo: "hexpm", optional: false]}, {:jason, "~> 1.0", [hex: :jason, repo: "hexpm", optional: false]}], "hexpm"},
  "jason": {:hex, :jason, "1.1.2", "b03dedea67a99223a2eaf9f1264ce37154564de899fd3d8b9a21b1a6fd64afe7", [:mix], [{:decimal, "~> 1.0", [hex: :decimal, repo: "hexpm", optional: true]}], "hexpm"},
  "jose": {:hex, :jose, "1.8.4", "7946d1e5c03a76ac9ef42a6e6a20001d35987afd68c2107bcd8f01a84e75aa73", [:mix, :rebar3], [{:base64url, "~> 0.0.1", [hex: :base64url, repo: "hexpm", optional: false]}], "hexpm"},
}
